github.com/IvanZagoskin/wkt v0.0.1 h1:mw5DwUyzeZR9cg5c28lLIEgFEwdhYcMoCdGEd9ATjC0=
github.com/IvanZagoskin/wkt v0.0.1/go.mod h1:Zt91UzCkIVhnF0l5MtKaNLemmq1mvRVX/xw9b89Y1sM=
github.com/gobwas/glob v0.2.3 h1:A4xDbljILXROh+kObIiy5kIaPYD8e96x1tgBhUI5J+Y=
github.com/gobwas/glob v0.2.3/go.mod h1:d3Ez4x06l9bZtSvzIay5+Yzi0fmZzPgnTbPcKjJAkT8=
github.com/google/go-cmp v0.4.1/go.mod h1:v8dTdLbMG2kIc/vJvl+f65V22dbkXbowE6jgT/gNBxE=
github.com/google/uuid v1.3.1 h1:KjJaJ9iWZ3jOFZIf1Lqf4laDRCasjl0BCmnEGxkdLb4=
github.com/google/uuid v1.3.1/go.mod h1:TIyPZe4MgqvfeYDBFedMoGGpEw/LqOeaOT+nhxU+yHo=
github.com/ttab/newsdoc v0.4.1 h1:iMQSLkAVolwXVJepGRJ0zQ9tE+UkBuH3J1TxOspiWqY=
github.com/ttab/newsdoc v0.4.1/go.mod h1:ik40/a0GmxyMWQWwBZBXzcM1UfRCRPOhKTw2Nmac8p4=
github.com/ttab/revisor v0.4.1 h1:5BeZuYYX8RnEMTR5IQEFabmapeyjbEjkkyJc2phW5CM=
github.com/ttab/revisor v0.4.1/go.mod h1:uCAjQ+X/VlEcfP8yA1AezrcqXFYfjtfRxSs+GVf4Hbk=
github.com/ttab/revisor v0.4.2-0.20240220143420-ad8365c337fe h1:0KsXHtzIrevxN2OCyxZ90fc/OhjqL1uGt1OuUTiTThg=
github.com/ttab/revisor v0.4.2-0.20240220143420-ad8365c337fe/go.mod h1:uCAjQ+X/VlEcfP8yA1AezrcqXFYfjtfRxSs+GVf4Hbk=
golang.org/x/net v0.12.0 h1:cfawfvKITfUsFCeJIHJrbSxpeu/E81khclypR0GVT50=
golang.org/x/net v0.12.0/go.mod h1:zEVYFnQC7m/vmpQFELhcD1EWkZlX69l4oqgmer6hfKA=
golang.org/x/xerrors v0.0.0-20191204190536-9bdfabe68543/go.mod h1:I/5z698sn9Ka8TeJc9MKroUUfqBBauWjQqLJ2OPfmY0=
