github.com/IvanZagoskin/wkt v0.0.1 h1:mw5DwUyzeZR9cg5c28lLIEgFEwdhYcMoCdGEd9ATjC0=
github.com/IvanZagoskin/wkt v0.0.1/go.mod h1:Zt91UzCkIVhnF0l5MtKaNLemmq1mvRVX/xw9b89Y1sM=
github.com/gobwas/glob v0.2.3 h1:A4xDbljILXROh+kObIiy5kIaPYD8e96x1tgBhUI5J+Y=
github.com/gobwas/glob v0.2.3/go.mod h1:d3Ez4x06l9bZtSvzIay5+Yzi0fmZzPgnTbPcKjJAkT8=
github.com/google/go-cmp v0.4.1/go.mod h1:v8dTdLbMG2kIc/vJvl+f65V22dbkXbowE6jgT/gNBxE=
github.com/google/go-cmp v0.6.0 h1:ofyhxvXcZhMsU5ulbFiLKl/XBFqE1GSq7atu8tAmTRI=
github.com/google/go-cmp v0.6.0/go.mod h1:17dUlkBOakJ0+DkrSSNjCkIjxS6bF9zb3elmeNGIjoY=
github.com/google/uuid v1.6.0 h1:NIvaJDMOsjHA8n1jAhLSgzrAzy1Hgr+hNrb57e+94F0=
github.com/google/uuid v1.6.0/go.mod h1:TIyPZe4MgqvfeYDBFedMoGGpEw/LqOeaOT+nhxU+yHo=
github.com/ttab/newsdoc v0.5.0 h1:b4rvvQMiiaU0WUqYKPVP5p4kUlwN6X6HUcEn+isbDAQ=
github.com/ttab/newsdoc v0.5.0/go.mod h1:a+D/6F/zNhIvNB7+JJMPx0HNm+146y68TCfVYo6H8WY=
github.com/ttab/revisor v0.8.0 h1:GW8yfz1v9u4338PkQ3vvAop1ULUA+CqBnDusg5KTSfA=
github.com/ttab/revisor v0.8.0/go.mod h1:lm2koCeatxVmB4SRxyIEq/EqkLlRipwJdRxU+l276Eg=
golang.org/x/net v0.25.0 h1:d/OCCoBEUq33pjydKrGQhw7IlUPI2Oylr+8qLx49kac=
golang.org/x/net v0.25.0/go.mod h1:JkAGAh7GEvH74S6FOH42FLoXpXbE/aqXSrIQjXgsiwM=
golang.org/x/xerrors v0.0.0-20191204190536-9bdfabe68543/go.mod h1:I/5z698sn9Ka8TeJc9MKroUUfqBBauWjQqLJ2OPfmY0=
